// !$*UTF8*$!
{
	archiveVersion = 1;
	classes = {
	};
	objectVersion = 56;
	objects = {

/* Begin PBXBuildFile section */
		CCC970662B4056A500428E68 /* SuperheroApp.swift in Sources */ = {isa = PBXBuildFile; fileRef = CCC970652B4056A500428E68 /* SuperheroApp.swift */; };
		CCC970682B4056A500428E68 /* ContentView.swift in Sources */ = {isa = PBXBuildFile; fileRef = CCC970672B4056A500428E68 /* ContentView.swift */; };
		CCC9706A2B4056A600428E68 /* Assets.xcassets in Resources */ = {isa = PBXBuildFile; fileRef = CCC970692B4056A600428E68 /* Assets.xcassets */; };
		CCC9706E2B4056A600428E68 /* Preview Assets.xcassets in Resources */ = {isa = PBXBuildFile; fileRef = CCC9706D2B4056A600428E68 /* Preview Assets.xcassets */; };
		CCC970782B4056A600428E68 /* SuperheroTests.swift in Sources */ = {isa = PBXBuildFile; fileRef = CCC970772B4056A600428E68 /* SuperheroTests.swift */; };
		CCC970822B4056A600428E68 /* SuperheroUITests.swift in Sources */ = {isa = PBXBuildFile; fileRef = CCC970812B4056A600428E68 /* SuperheroUITests.swift */; };
		CCC970842B4056A600428E68 /* SuperheroUITestsLaunchTests.swift in Sources */ = {isa = PBXBuildFile; fileRef = CCC970832B4056A600428E68 /* SuperheroUITestsLaunchTests.swift */; };
/* End PBXBuildFile section */

/* Begin PBXContainerItemProxy section */
		CCC970742B4056A600428E68 /* PBXContainerItemProxy */ = {
			isa = PBXContainerItemProxy;
			containerPortal = CCC9705A2B4056A500428E68 /* Project object */;
			proxyType = 1;
			remoteGlobalIDString = CCC970612B4056A500428E68;
			remoteInfo = Superhero;
		};
		CCC9707E2B4056A600428E68 /* PBXContainerItemProxy */ = {
			isa = PBXContainerItemProxy;
			containerPortal = CCC9705A2B4056A500428E68 /* Project object */;
			proxyType = 1;
			remoteGlobalIDString = CCC970612B4056A500428E68;
			remoteInfo = Superhero;
		};
/* End PBXContainerItemProxy section */

/* Begin PBXFileReference section */
		CCC970622B4056A500428E68 /* Superhero.app */ = {isa = PBXFileReference; explicitFileType = wrapper.application; includeInIndex = 0; path = Superhero.app; sourceTree = BUILT_PRODUCTS_DIR; };
		CCC970652B4056A500428E68 /* SuperheroApp.swift */ = {isa = PBXFileReference; lastKnownFileType = sourcecode.swift; path = SuperheroApp.swift; sourceTree = "<group>"; };
		CCC970672B4056A500428E68 /* ContentView.swift */ = {isa = PBXFileReference; lastKnownFileType = sourcecode.swift; path = ContentView.swift; sourceTree = "<group>"; };
		CCC970692B4056A600428E68 /* Assets.xcassets */ = {isa = PBXFileReference; lastKnownFileType = folder.assetcatalog; path = Assets.xcassets; sourceTree = "<group>"; };
		CCC9706B2B4056A600428E68 /* Superhero.entitlements */ = {isa = PBXFileReference; lastKnownFileType = text.plist.entitlements; path = Superhero.entitlements; sourceTree = "<group>"; };
		CCC9706D2B4056A600428E68 /* Preview Assets.xcassets */ = {isa = PBXFileReference; lastKnownFileType = folder.assetcatalog; path = "Preview Assets.xcassets"; sourceTree = "<group>"; };
		CCC970732B4056A600428E68 /* SuperheroTests.xctest */ = {isa = PBXFileReference; explicitFileType = wrapper.cfbundle; includeInIndex = 0; path = SuperheroTests.xctest; sourceTree = BUILT_PRODUCTS_DIR; };
		CCC970772B4056A600428E68 /* SuperheroTests.swift */ = {isa = PBXFileReference; lastKnownFileType = sourcecode.swift; path = SuperheroTests.swift; sourceTree = "<group>"; };
		CCC9707D2B4056A600428E68 /* SuperheroUITests.xctest */ = {isa = PBXFileReference; explicitFileType = wrapper.cfbundle; includeInIndex = 0; path = SuperheroUITests.xctest; sourceTree = BUILT_PRODUCTS_DIR; };
		CCC970812B4056A600428E68 /* SuperheroUITests.swift */ = {isa = PBXFileReference; lastKnownFileType = sourcecode.swift; path = SuperheroUITests.swift; sourceTree = "<group>"; };
		CCC970832B4056A600428E68 /* SuperheroUITestsLaunchTests.swift */ = {isa = PBXFileReference; lastKnownFileType = sourcecode.swift; path = SuperheroUITestsLaunchTests.swift; sourceTree = "<group>"; };
/* End PBXFileReference section */

/* Begin PBXFrameworksBuildPhase section */
		CCC9705F2B4056A500428E68 /* Frameworks */ = {
			isa = PBXFrameworksBuildPhase;
			buildActionMask = 2147483647;
			files = (
			);
			runOnlyForDeploymentPostprocessing = 0;
		};
		CCC970702B4056A600428E68 /* Frameworks */ = {
			isa = PBXFrameworksBuildPhase;
			buildActionMask = 2147483647;
			files = (
			);
			runOnlyForDeploymentPostprocessing = 0;
		};
		CCC9707A2B4056A600428E68 /* Frameworks */ = {
			isa = PBXFrameworksBuildPhase;
			buildActionMask = 2147483647;
			files = (
			);
			runOnlyForDeploymentPostprocessing = 0;
		};
/* End PBXFrameworksBuildPhase section */

/* Begin PBXGroup section */
		CCC970592B4056A500428E68 = {
			isa = PBXGroup;
			children = (
				CCC970642B4056A500428E68 /* Superhero */,
				CCC970762B4056A600428E68 /* SuperheroTests */,
				CCC970802B4056A600428E68 /* SuperheroUITests */,
				CCC970632B4056A500428E68 /* Products */,
			);
			sourceTree = "<group>";
		};
		CCC970632B4056A500428E68 /* Products */ = {
			isa = PBXGroup;
			children = (
				CCC970622B4056A500428E68 /* Superhero.app */,
				CCC970732B4056A600428E68 /* SuperheroTests.xctest */,
				CCC9707D2B4056A600428E68 /* SuperheroUITests.xctest */,
			);
			name = Products;
			sourceTree = "<group>";
		};
		CCC970642B4056A500428E68 /* Superhero */ = {
			isa = PBXGroup;
			children = (
				CCC970652B4056A500428E68 /* SuperheroApp.swift */,
				CCC970672B4056A500428E68 /* ContentView.swift */,
				CCC970692B4056A600428E68 /* Assets.xcassets */,
				CCC9706B2B4056A600428E68 /* Superhero.entitlements */,
				CCC9706C2B4056A600428E68 /* Preview Content */,
			);
			path = Superhero;
			sourceTree = "<group>";
		};
		CCC9706C2B4056A600428E68 /* Preview Content */ = {
			isa = PBXGroup;
			children = (
				CCC9706D2B4056A600428E68 /* Preview Assets.xcassets */,
			);
			path = "Preview Content";
			sourceTree = "<group>";
		};
		CCC970762B4056A600428E68 /* SuperheroTests */ = {
			isa = PBXGroup;
			children = (
				CCC970772B4056A600428E68 /* SuperheroTests.swift */,
			);
			path = SuperheroTests;
			sourceTree = "<group>";
		};
		CCC970802B4056A600428E68 /* SuperheroUITests */ = {
			isa = PBXGroup;
			children = (
				CCC970812B4056A600428E68 /* SuperheroUITests.swift */,
				CCC970832B4056A600428E68 /* SuperheroUITestsLaunchTests.swift */,
			);
			path = SuperheroUITests;
			sourceTree = "<group>";
		};
/* End PBXGroup section */

/* Begin PBXNativeTarget section */
		CCC970612B4056A500428E68 /* Superhero */ = {
			isa = PBXNativeTarget;
			buildConfigurationList = CCC970872B4056A600428E68 /* Build configuration list for PBXNativeTarget "Superhero" */;
			buildPhases = (
				CCC9705E2B4056A500428E68 /* Sources */,
				CCC9705F2B4056A500428E68 /* Frameworks */,
				CCC970602B4056A500428E68 /* Resources */,
			);
			buildRules = (
			);
			dependencies = (
			);
			name = Superhero;
			productName = Superhero;
			productReference = CCC970622B4056A500428E68 /* Superhero.app */;
			productType = "com.apple.product-type.application";
		};
		CCC970722B4056A600428E68 /* SuperheroTests */ = {
			isa = PBXNativeTarget;
			buildConfigurationList = CCC9708A2B4056A600428E68 /* Build configuration list for PBXNativeTarget "SuperheroTests" */;
			buildPhases = (
				CCC9706F2B4056A600428E68 /* Sources */,
				CCC970702B4056A600428E68 /* Frameworks */,
				CCC970712B4056A600428E68 /* Resources */,
			);
			buildRules = (
			);
			dependencies = (
				CCC970752B4056A600428E68 /* PBXTargetDependency */,
			);
			name = SuperheroTests;
			productName = SuperheroTests;
			productReference = CCC970732B4056A600428E68 /* SuperheroTests.xctest */;
			productType = "com.apple.product-type.bundle.unit-test";
		};
		CCC9707C2B4056A600428E68 /* SuperheroUITests */ = {
			isa = PBXNativeTarget;
			buildConfigurationList = CCC9708D2B4056A600428E68 /* Build configuration list for PBXNativeTarget "SuperheroUITests" */;
			buildPhases = (
				CCC970792B4056A600428E68 /* Sources */,
				CCC9707A2B4056A600428E68 /* Frameworks */,
				CCC9707B2B4056A600428E68 /* Resources */,
			);
			buildRules = (
			);
			dependencies = (
				CCC9707F2B4056A600428E68 /* PBXTargetDependency */,
			);
			name = SuperheroUITests;
			productName = SuperheroUITests;
			productReference = CCC9707D2B4056A600428E68 /* SuperheroUITests.xctest */;
			productType = "com.apple.product-type.bundle.ui-testing";
		};
/* End PBXNativeTarget section */

/* Begin PBXProject section */
		CCC9705A2B4056A500428E68 /* Project object */ = {
			isa = PBXProject;
			attributes = {
				BuildIndependentTargetsInParallel = 1;
				LastSwiftUpdateCheck = 1520;
				LastUpgradeCheck = 1520;
				TargetAttributes = {
					CCC970612B4056A500428E68 = {
						CreatedOnToolsVersion = 15.2;
					};
					CCC970722B4056A600428E68 = {
						CreatedOnToolsVersion = 15.2;
						TestTargetID = CCC970612B4056A500428E68;
					};
					CCC9707C2B4056A600428E68 = {
						CreatedOnToolsVersion = 15.2;
						TestTargetID = CCC970612B4056A500428E68;
					};
				};
			};
			buildConfigurationList = CCC9705D2B4056A500428E68 /* Build configuration list for PBXProject "Superhero" */;
			compatibilityVersion = "Xcode 14.0";
			developmentRegion = en;
			hasScannedForEncodings = 0;
			knownRegions = (
				en,
				Base,
			);
			mainGroup = CCC970592B4056A500428E68;
			productRefGroup = CCC970632B4056A500428E68 /* Products */;
			projectDirPath = "";
			projectRoot = "";
			targets = (
				CCC970612B4056A500428E68 /* Superhero */,
				CCC970722B4056A600428E68 /* SuperheroTests */,
				CCC9707C2B4056A600428E68 /* SuperheroUITests */,
			);
		};
/* End PBXProject section */

/* Begin PBXResourcesBuildPhase section */
		CCC970602B4056A500428E68 /* Resources */ = {
			isa = PBXResourcesBuildPhase;
			buildActionMask = 2147483647;
			files = (
				CCC9706E2B4056A600428E68 /* Preview Assets.xcassets in Resources */,
				CCC9706A2B4056A600428E68 /* Assets.xcassets in Resources */,
			);
			runOnlyForDeploymentPostprocessing = 0;
		};
		CCC970712B4056A600428E68 /* Resources */ = {
			isa = PBXResourcesBuildPhase;
			buildActionMask = 2147483647;
			files = (
			);
			runOnlyForDeploymentPostprocessing = 0;
		};
		CCC9707B2B4056A600428E68 /* Resources */ = {
			isa = PBXResourcesBuildPhase;
			buildActionMask = 2147483647;
			files = (
			);
			runOnlyForDeploymentPostprocessing = 0;
		};
/* End PBXResourcesBuildPhase section */

/* Begin PBXSourcesBuildPhase section */
		CCC9705E2B4056A500428E68 /* Sources */ = {
			isa = PBXSourcesBuildPhase;
			buildActionMask = 2147483647;
			files = (
				CCC970682B4056A500428E68 /* ContentView.swift in Sources */,
				CCC970662B4056A500428E68 /* SuperheroApp.swift in Sources */,
			);
			runOnlyForDeploymentPostprocessing = 0;
		};
		CCC9706F2B4056A600428E68 /* Sources */ = {
			isa = PBXSourcesBuildPhase;
			buildActionMask = 2147483647;
			files = (
				CCC970782B4056A600428E68 /* SuperheroTests.swift in Sources */,
			);
			runOnlyForDeploymentPostprocessing = 0;
		};
		CCC970792B4056A600428E68 /* Sources */ = {
			isa = PBXSourcesBuildPhase;
			buildActionMask = 2147483647;
			files = (
				CCC970842B4056A600428E68 /* SuperheroUITestsLaunchTests.swift in Sources */,
				CCC970822B4056A600428E68 /* SuperheroUITests.swift in Sources */,
			);
			runOnlyForDeploymentPostprocessing = 0;
		};
/* End PBXSourcesBuildPhase section */

/* Begin PBXTargetDependency section */
		CCC970752B4056A600428E68 /* PBXTargetDependency */ = {
			isa = PBXTargetDependency;
			target = CCC970612B4056A500428E68 /* Superhero */;
			targetProxy = CCC970742B4056A600428E68 /* PBXContainerItemProxy */;
		};
		CCC9707F2B4056A600428E68 /* PBXTargetDependency */ = {
			isa = PBXTargetDependency;
			target = CCC970612B4056A500428E68 /* Superhero */;
			targetProxy = CCC9707E2B4056A600428E68 /* PBXContainerItemProxy */;
		};
/* End PBXTargetDependency section */

/* Begin XCBuildConfiguration section */
		CCC970852B4056A600428E68 /* Debug */ = {
			isa = XCBuildConfiguration;
			buildSettings = {
				ALWAYS_SEARCH_USER_PATHS = NO;
				ASSETCATALOG_COMPILER_GENERATE_SWIFT_ASSET_SYMBOL_EXTENSIONS = YES;
				CLANG_ANALYZER_NONNULL = YES;
				CLANG_ANALYZER_NUMBER_OBJECT_CONVERSION = YES_AGGRESSIVE;
				CLANG_CXX_LANGUAGE_STANDARD = "gnu++20";
				CLANG_ENABLE_MODULES = YES;
				CLANG_ENABLE_OBJC_ARC = YES;
				CLANG_ENABLE_OBJC_WEAK = YES;
				CLANG_WARN_BLOCK_CAPTURE_AUTORELEASING = YES;
				CLANG_WARN_BOOL_CONVERSION = YES;
				CLANG_WARN_COMMA = YES;
				CLANG_WARN_CONSTANT_CONVERSION = YES;
				CLANG_WARN_DEPRECATED_OBJC_IMPLEMENTATIONS = YES;
				CLANG_WARN_DIRECT_OBJC_ISA_USAGE = YES_ERROR;
				CLANG_WARN_DOCUMENTATION_COMMENTS = YES;
				CLANG_WARN_EMPTY_BODY = YES;
				CLANG_WARN_ENUM_CONVERSION = YES;
				CLANG_WARN_INFINITE_RECURSION = YES;
				CLANG_WARN_INT_CONVERSION = YES;
				CLANG_WARN_NON_LITERAL_NULL_CONVERSION = YES;
				CLANG_WARN_OBJC_IMPLICIT_RETAIN_SELF = YES;
				CLANG_WARN_OBJC_LITERAL_CONVERSION = YES;
				CLANG_WARN_OBJC_ROOT_CLASS = YES_ERROR;
				CLANG_WARN_QUOTED_INCLUDE_IN_FRAMEWORK_HEADER = YES;
				CLANG_WARN_RANGE_LOOP_ANALYSIS = YES;
				CLANG_WARN_STRICT_PROTOTYPES = YES;
				CLANG_WARN_SUSPICIOUS_MOVE = YES;
				CLANG_WARN_UNGUARDED_AVAILABILITY = YES_AGGRESSIVE;
				CLANG_WARN_UNREACHABLE_CODE = YES;
				CLANG_WARN__DUPLICATE_METHOD_MATCH = YES;
				COPY_PHASE_STRIP = NO;
				DEBUG_INFORMATION_FORMAT = dwarf;
				ENABLE_STRICT_OBJC_MSGSEND = YES;
				ENABLE_TESTABILITY = YES;
				ENABLE_USER_SCRIPT_SANDBOXING = YES;
				GCC_C_LANGUAGE_STANDARD = gnu17;
				GCC_DYNAMIC_NO_PIC = NO;
				GCC_NO_COMMON_BLOCKS = YES;
				GCC_OPTIMIZATION_LEVEL = 0;
				GCC_PREPROCESSOR_DEFINITIONS = (
					"DEBUG=1",
					"$(inherited)",
				);
				GCC_WARN_64_TO_32_BIT_CONVERSION = YES;
				GCC_WARN_ABOUT_RETURN_TYPE = YES_ERROR;
				GCC_WARN_UNDECLARED_SELECTOR = YES;
				GCC_WARN_UNINITIALIZED_AUTOS = YES_AGGRESSIVE;
				GCC_WARN_UNUSED_FUNCTION = YES;
				GCC_WARN_UNUSED_VARIABLE = YES;
				LOCALIZATION_PREFERS_STRING_CATALOGS = YES;
				MTL_ENABLE_DEBUG_INFO = INCLUDE_SOURCE;
				MTL_FAST_MATH = YES;
				ONLY_ACTIVE_ARCH = YES;
				SWIFT_ACTIVE_COMPILATION_CONDITIONS = "DEBUG $(inherited)";
				SWIFT_OPTIMIZATION_LEVEL = "-Onone";
			};
			name = Debug;
		};
		CCC970862B4056A600428E68 /* Release */ = {
			isa = XCBuildConfiguration;
			buildSettings = {
				ALWAYS_SEARCH_USER_PATHS = NO;
				ASSETCATALOG_COMPILER_GENERATE_SWIFT_ASSET_SYMBOL_EXTENSIONS = YES;
				CLANG_ANALYZER_NONNULL = YES;
				CLANG_ANALYZER_NUMBER_OBJECT_CONVERSION = YES_AGGRESSIVE;
				CLANG_CXX_LANGUAGE_STANDARD = "gnu++20";
				CLANG_ENABLE_MODULES = YES;
				CLANG_ENABLE_OBJC_ARC = YES;
				CLANG_ENABLE_OBJC_WEAK = YES;
				CLANG_WARN_BLOCK_CAPTURE_AUTORELEASING = YES;
				CLANG_WARN_BOOL_CONVERSION = YES;
				CLANG_WARN_COMMA = YES;
				CLANG_WARN_CONSTANT_CONVERSION = YES;
				CLANG_WARN_DEPRECATED_OBJC_IMPLEMENTATIONS = YES;
				CLANG_WARN_DIRECT_OBJC_ISA_USAGE = YES_ERROR;
				CLANG_WARN_DOCUMENTATION_COMMENTS = YES;
				CLANG_WARN_EMPTY_BODY = YES;
				CLANG_WARN_ENUM_CONVERSION = YES;
				CLANG_WARN_INFINITE_RECURSION = YES;
				CLANG_WARN_INT_CONVERSION = YES;
				CLANG_WARN_NON_LITERAL_NULL_CONVERSION = YES;
				CLANG_WARN_OBJC_IMPLICIT_RETAIN_SELF = YES;
				CLANG_WARN_OBJC_LITERAL_CONVERSION = YES;
				CLANG_WARN_OBJC_ROOT_CLASS = YES_ERROR;
				CLANG_WARN_QUOTED_INCLUDE_IN_FRAMEWORK_HEADER = YES;
				CLANG_WARN_RANGE_LOOP_ANALYSIS = YES;
				CLANG_WARN_STRICT_PROTOTYPES = YES;
				CLANG_WARN_SUSPICIOUS_MOVE = YES;
				CLANG_WARN_UNGUARDED_AVAILABILITY = YES_AGGRESSIVE;
				CLANG_WARN_UNREACHABLE_CODE = YES;
				CLANG_WARN__DUPLICATE_METHOD_MATCH = YES;
				COPY_PHASE_STRIP = NO;
				DEBUG_INFORMATION_FORMAT = "dwarf-with-dsym";
				ENABLE_NS_ASSERTIONS = NO;
				ENABLE_STRICT_OBJC_MSGSEND = YES;
				ENABLE_USER_SCRIPT_SANDBOXING = YES;
				GCC_C_LANGUAGE_STANDARD = gnu17;
				GCC_NO_COMMON_BLOCKS = YES;
				GCC_WARN_64_TO_32_BIT_CONVERSION = YES;
				GCC_WARN_ABOUT_RETURN_TYPE = YES_ERROR;
				GCC_WARN_UNDECLARED_SELECTOR = YES;
				GCC_WARN_UNINITIALIZED_AUTOS = YES_AGGRESSIVE;
				GCC_WARN_UNUSED_FUNCTION = YES;
				GCC_WARN_UNUSED_VARIABLE = YES;
				LOCALIZATION_PREFERS_STRING_CATALOGS = YES;
				MTL_ENABLE_DEBUG_INFO = NO;
				MTL_FAST_MATH = YES;
				SWIFT_COMPILATION_MODE = wholemodule;
			};
			name = Release;
		};
		CCC970882B4056A600428E68 /* Debug */ = {
			isa = XCBuildConfiguration;
			buildSettings = {
				ASSETCATALOG_COMPILER_APPICON_NAME = AppIcon;
				ASSETCATALOG_COMPILER_GLOBAL_ACCENT_COLOR_NAME = AccentColor;
				CODE_SIGN_ENTITLEMENTS = Superhero/Superhero.entitlements;
				CODE_SIGN_STYLE = Automatic;
				CURRENT_PROJECT_VERSION = 1;
				DEVELOPMENT_ASSET_PATHS = "\"Superhero/Preview Content\"";
				DEVELOPMENT_TEAM = 88QL9VPLMY;
				ENABLE_HARDENED_RUNTIME = YES;
				ENABLE_PREVIEWS = YES;
				GENERATE_INFOPLIST_FILE = YES;
				"INFOPLIST_KEY_UIApplicationSceneManifest_Generation[sdk=iphoneos*]" = YES;
				"INFOPLIST_KEY_UIApplicationSceneManifest_Generation[sdk=iphonesimulator*]" = YES;
				"INFOPLIST_KEY_UIApplicationSupportsIndirectInputEvents[sdk=iphoneos*]" = YES;
				"INFOPLIST_KEY_UIApplicationSupportsIndirectInputEvents[sdk=iphonesimulator*]" = YES;
				"INFOPLIST_KEY_UILaunchScreen_Generation[sdk=iphoneos*]" = YES;
				"INFOPLIST_KEY_UILaunchScreen_Generation[sdk=iphonesimulator*]" = YES;
				"INFOPLIST_KEY_UIStatusBarStyle[sdk=iphoneos*]" = UIStatusBarStyleDefault;
				"INFOPLIST_KEY_UIStatusBarStyle[sdk=iphonesimulator*]" = UIStatusBarStyleDefault;
				INFOPLIST_KEY_UISupportedInterfaceOrientations_iPad = "UIInterfaceOrientationPortrait UIInterfaceOrientationPortraitUpsideDown UIInterfaceOrientationLandscapeLeft UIInterfaceOrientationLandscapeRight";
				INFOPLIST_KEY_UISupportedInterfaceOrientations_iPhone = "UIInterfaceOrientationPortrait UIInterfaceOrientationLandscapeLeft UIInterfaceOrientationLandscapeRight";
				IPHONEOS_DEPLOYMENT_TARGET = 17.2;
				LD_RUNPATH_SEARCH_PATHS = "@executable_path/Frameworks";
				"LD_RUNPATH_SEARCH_PATHS[sdk=macosx*]" = "@executable_path/../Frameworks";
				MACOSX_DEPLOYMENT_TARGET = 14.2;
				MARKETING_VERSION = 1.0;
				PRODUCT_BUNDLE_IDENTIFIER = com.transfinite.Superhero;
				PRODUCT_NAME = "$(TARGET_NAME)";
				SDKROOT = auto;
				SUPPORTED_PLATFORMS = "iphoneos iphonesimulator macosx";
				SWIFT_EMIT_LOC_STRINGS = YES;
				SWIFT_VERSION = 5.0;
				TARGETED_DEVICE_FAMILY = "1,2";
			};
			name = Debug;
		};
		CCC970892B4056A600428E68 /* Release */ = {
			isa = XCBuildConfiguration;
			buildSettings = {
				ASSETCATALOG_COMPILER_APPICON_NAME = AppIcon;
				ASSETCATALOG_COMPILER_GLOBAL_ACCENT_COLOR_NAME = AccentColor;
				CODE_SIGN_ENTITLEMENTS = Superhero/Superhero.entitlements;
				CODE_SIGN_STYLE = Automatic;
				CURRENT_PROJECT_VERSION = 1;
				DEVELOPMENT_ASSET_PATHS = "\"Superhero/Preview Content\"";
				DEVELOPMENT_TEAM = 88QL9VPLMY;
				ENABLE_HARDENED_RUNTIME = YES;
				ENABLE_PREVIEWS = YES;
				GENERATE_INFOPLIST_FILE = YES;
				"INFOPLIST_KEY_UIApplicationSceneManifest_Generation[sdk=iphoneos*]" = YES;
				"INFOPLIST_KEY_UIApplicationSceneManifest_Generation[sdk=iphonesimulator*]" = YES;
				"INFOPLIST_KEY_UIApplicationSupportsIndirectInputEvents[sdk=iphoneos*]" = YES;
				"INFOPLIST_KEY_UIApplicationSupportsIndirectInputEvents[sdk=iphonesimulator*]" = YES;
				"INFOPLIST_KEY_UILaunchScreen_Generation[sdk=iphoneos*]" = YES;
				"INFOPLIST_KEY_UILaunchScreen_Generation[sdk=iphonesimulator*]" = YES;
				"INFOPLIST_KEY_UIStatusBarStyle[sdk=iphoneos*]" = UIStatusBarStyleDefault;
				"INFOPLIST_KEY_UIStatusBarStyle[sdk=iphonesimulator*]" = UIStatusBarStyleDefault;
				INFOPLIST_KEY_UISupportedInterfaceOrientations_iPad = "UIInterfaceOrientationPortrait UIInterfaceOrientationPortraitUpsideDown UIInterfaceOrientationLandscapeLeft UIInterfaceOrientationLandscapeRight";
				INFOPLIST_KEY_UISupportedInterfaceOrientations_iPhone = "UIInterfaceOrientationPortrait UIInterfaceOrientationLandscapeLeft UIInterfaceOrientationLandscapeRight";
				IPHONEOS_DEPLOYMENT_TARGET = 17.2;
				LD_RUNPATH_SEARCH_PATHS = "@executable_path/Frameworks";
				"LD_RUNPATH_SEARCH_PATHS[sdk=macosx*]" = "@executable_path/../Frameworks";
				MACOSX_DEPLOYMENT_TARGET = 14.2;
				MARKETING_VERSION = 1.0;
				PRODUCT_BUNDLE_IDENTIFIER = com.transfinite.Superhero;
				PRODUCT_NAME = "$(TARGET_NAME)";
				SDKROOT = auto;
				SUPPORTED_PLATFORMS = "iphoneos iphonesimulator macosx";
				SWIFT_EMIT_LOC_STRINGS = YES;
				SWIFT_VERSION = 5.0;
				TARGETED_DEVICE_FAMILY = "1,2";
			};
			name = Release;
		};
		CCC9708B2B4056A600428E68 /* Debug */ = {
			isa = XCBuildConfiguration;
			buildSettings = {
				ALWAYS_EMBED_SWIFT_STANDARD_LIBRARIES = YES;
				BUNDLE_LOADER = "$(TEST_HOST)";
				CODE_SIGN_STYLE = Automatic;
				CURRENT_PROJECT_VERSION = 1;
				DEVELOPMENT_TEAM = 88QL9VPLMY;
				GENERATE_INFOPLIST_FILE = YES;
				IPHONEOS_DEPLOYMENT_TARGET = 17.2;
				MACOSX_DEPLOYMENT_TARGET = 14.2;
				MARKETING_VERSION = 1.0;
				PRODUCT_BUNDLE_IDENTIFIER = com.transfinite.SuperheroTests;
				PRODUCT_NAME = "$(TARGET_NAME)";
				SDKROOT = auto;
				SUPPORTED_PLATFORMS = "iphoneos iphonesimulator macosx";
				SWIFT_EMIT_LOC_STRINGS = NO;
				SWIFT_VERSION = 5.0;
				TARGETED_DEVICE_FAMILY = "1,2";
				TEST_HOST = "$(BUILT_PRODUCTS_DIR)/Superhero.app/$(BUNDLE_EXECUTABLE_FOLDER_PATH)/Superhero";
			};
			name = Debug;
		};
		CCC9708C2B4056A600428E68 /* Release */ = {
			isa = XCBuildConfiguration;
			buildSettings = {
				ALWAYS_EMBED_SWIFT_STANDARD_LIBRARIES = YES;
				BUNDLE_LOADER = "$(TEST_HOST)";
				CODE_SIGN_STYLE = Automatic;
				CURRENT_PROJECT_VERSION = 1;
				DEVELOPMENT_TEAM = 88QL9VPLMY;
				GENERATE_INFOPLIST_FILE = YES;
				IPHONEOS_DEPLOYMENT_TARGET = 17.2;
				MACOSX_DEPLOYMENT_TARGET = 14.2;
				MARKETING_VERSION = 1.0;
				PRODUCT_BUNDLE_IDENTIFIER = com.transfinite.SuperheroTests;
				PRODUCT_NAME = "$(TARGET_NAME)";
				SDKROOT = auto;
				SUPPORTED_PLATFORMS = "iphoneos iphonesimulator macosx";
				SWIFT_EMIT_LOC_STRINGS = NO;
				SWIFT_VERSION = 5.0;
				TARGETED_DEVICE_FAMILY = "1,2";
				TEST_HOST = "$(BUILT_PRODUCTS_DIR)/Superhero.app/$(BUNDLE_EXECUTABLE_FOLDER_PATH)/Superhero";
			};
			name = Release;
		};
		CCC9708E2B4056A600428E68 /* Debug */ = {
			isa = XCBuildConfiguration;
			buildSettings = {
				ALWAYS_EMBED_SWIFT_STANDARD_LIBRARIES = YES;
				CODE_SIGN_STYLE = Automatic;
				CURRENT_PROJECT_VERSION = 1;
				DEVELOPMENT_TEAM = 88QL9VPLMY;
				GENERATE_INFOPLIST_FILE = YES;
				IPHONEOS_DEPLOYMENT_TARGET = 17.2;
				MACOSX_DEPLOYMENT_TARGET = 14.2;
				MARKETING_VERSION = 1.0;
				PRODUCT_BUNDLE_IDENTIFIER = com.transfinite.SuperheroUITests;
				PRODUCT_NAME = "$(TARGET_NAME)";
				SDKROOT = auto;
				SUPPORTED_PLATFORMS = "iphoneos iphonesimulator macosx";
				SWIFT_EMIT_LOC_STRINGS = NO;
				SWIFT_VERSION = 5.0;
				TARGETED_DEVICE_FAMILY = "1,2";
				TEST_TARGET_NAME = Superhero;
			};
			name = Debug;
		};
		CCC9708F2B4056A600428E68 /* Release */ = {
			isa = XCBuildConfiguration;
			buildSettings = {
				ALWAYS_EMBED_SWIFT_STANDARD_LIBRARIES = YES;
				CODE_SIGN_STYLE = Automatic;
				CURRENT_PROJECT_VERSION = 1;
				DEVELOPMENT_TEAM = 88QL9VPLMY;
				GENERATE_INFOPLIST_FILE = YES;
				IPHONEOS_DEPLOYMENT_TARGET = 17.2;
				MACOSX_DEPLOYMENT_TARGET = 14.2;
				MARKETING_VERSION = 1.0;
				PRODUCT_BUNDLE_IDENTIFIER = com.transfinite.SuperheroUITests;
				PRODUCT_NAME = "$(TARGET_NAME)";
				SDKROOT = auto;
				SUPPORTED_PLATFORMS = "iphoneos iphonesimulator macosx";
				SWIFT_EMIT_LOC_STRINGS = NO;
				SWIFT_VERSION = 5.0;
				TARGETED_DEVICE_FAMILY = "1,2";
				TEST_TARGET_NAME = Superhero;
			};
			name = Release;
		};
/* End XCBuildConfiguration section */

/* Begin XCConfigurationList section */
		CCC9705D2B4056A500428E68 /* Build configuration list for PBXProject "Superhero" */ = {
			isa = XCConfigurationList;
			buildConfigurations = (
				CCC970852B4056A600428E68 /* Debug */,
				CCC970862B4056A600428E68 /* Release */,
			);
			defaultConfigurationIsVisible = 0;
			defaultConfigurationName = Release;
		};
		CCC970872B4056A600428E68 /* Build configuration list for PBXNativeTarget "Superhero" */ = {
			isa = XCConfigurationList;
			buildConfigurations = (
				CCC970882B4056A600428E68 /* Debug */,
				CCC970892B4056A600428E68 /* Release */,
			);
			defaultConfigurationIsVisible = 0;
			defaultConfigurationName = Release;
		};
		CCC9708A2B4056A600428E68 /* Build configuration list for PBXNativeTarget "SuperheroTests" */ = {
			isa = XCConfigurationList;
			buildConfigurations = (
				CCC9708B2B4056A600428E68 /* Debug */,
				CCC9708C2B4056A600428E68 /* Release */,
			);
			defaultConfigurationIsVisible = 0;
			defaultConfigurationName = Release;
		};
		CCC9708D2B4056A600428E68 /* Build configuration list for PBXNativeTarget "SuperheroUITests" */ = {
			isa = XCConfigurationList;
			buildConfigurations = (
				CCC9708E2B4056A600428E68 /* Debug */,
				CCC9708F2B4056A600428E68 /* Release */,
			);
			defaultConfigurationIsVisible = 0;
			defaultConfigurationName = Release;
		};
/* End XCConfigurationList section */
	};
	rootObject = CCC9705A2B4056A500428E68 /* Project object */;
}
